
Microsoft Visual Studio Solution File, Format Version 12.00
# Visual Studio Version 17
VisualStudioVersion = 17.10.35013.160
MinimumVisualStudioVersion = 10.0.40219.1
Project("{FAE04EC0-301F-11D3-BF4B-00C04F79EFBC}") = "IronworksTranslator", "IronworksTranslator.csproj", "{357574E5-B125-4F6C-9C97-E02CC8AFD87A}"
EndProject
Global
	GlobalSection(SolutionConfigurationPlatforms) = preSolution
		Debug|Any CPU = Debug|Any CPU
		Release|Any CPU = Release|Any CPU
	EndGlobalSection
	GlobalSection(ProjectConfigurationPlatforms) = postSolution
		{357574E5-B125-4F6C-9C97-E02CC8AFD87A}.Debug|Any CPU.ActiveCfg = Debug|Any CPU
		{357574E5-B125-4F6C-9C97-E02CC8AFD87A}.Debug|Any CPU.Build.0 = Debug|Any CPU
		{357574E5-B125-4F6C-9C97-E02CC8AFD87A}.Release|Any CPU.ActiveCfg = Release|Any CPU
		{357574E5-B125-4F6C-9C97-E02CC8AFD87A}.Release|Any CPU.Build.0 = Release|Any CPU
	EndGlobalSection
	GlobalSection(SolutionProperties) = preSolution
		HideSolutionNode = FALSE
	EndGlobalSection
	GlobalSection(ExtensibilityGlobals) = postSolution
		SolutionGuid = {B23E7B13-B67A-4ED5-BA31-E0864ECD6618}
	EndGlobalSection
EndGlobal
